Microsoft Visual Studio Solution File, Format Version 12.00
# Visual Studio 14
VisualStudioVersion = 14.0.25420.1
MinimumVisualStudioVersion = 10.0.40219.1
Project("{FAE04EC0-301F-11D3-BF4B-00C04F79EFBC}") = "Droid_Image", "Droid_Image.csproj", "{9FD7AAF3-3236-474A-9017-BE10BF369E7E}"
EndProject
Project("{FAE04EC0-301F-11D3-BF4B-00C04F79EFBC}") = "UnitTestProject", "UnitTestProject\UnitTestProject.csproj", "{0AF13185-9976-437D-AEBE-E4B9E5D20DC5}"
EndProject
Project("{FAE04EC0-301F-11D3-BF4B-00C04F79EFBC}") = "Droid_Image.ImageComparison", "ImageComparison\Droid_Image.ImageComparison.csproj", "{9317DE4A-213D-4AFC-B58F-ED401204534A}"
EndProject
Project("{54435603-DBB4-11D2-8724-00A0C9A8B90C}") = "DroidImageSetup", "DroidImageSetup\DroidImageSetup.vdproj", "{221E30A5-0033-4BF5-9A5F-463DA5DA6D1B}"
EndProject
Project("{FAE04EC0-301F-11D3-BF4B-00C04F79EFBC}") = "Slider", "..\..\Tools4Libraries\Slider\Slider.csproj", "{5A910B52-6AB0-4F84-875D-FFF8893A4383}"
EndProject
Project("{FAE04EC0-301F-11D3-BF4B-00C04F79EFBC}") = "Tools4Libraries", "..\..\Tools4Libraries\Tools4Libraries.csproj", "{AAD2B1BE-9B2D-455D-8DD4-64E4E84DD985}"
EndProject
Global
	GlobalSection(SolutionConfigurationPlatforms) = preSolution
		Debug|Any CPU = Debug|Any CPU
		Debug|x86 = Debug|x86
		Release|Any CPU = Release|Any CPU
		Release|x86 = Release|x86
	EndGlobalSection
	GlobalSection(ProjectConfigurationPlatforms) = postSolution
		{9FD7AAF3-3236-474A-9017-BE10BF369E7E}.Debug|Any CPU.ActiveCfg = Debug|x86
		{9FD7AAF3-3236-474A-9017-BE10BF369E7E}.Debug|Any CPU.Build.0 = Debug|x86
		{9FD7AAF3-3236-474A-9017-BE10BF369E7E}.Debug|x86.ActiveCfg = Debug|x86
		{9FD7AAF3-3236-474A-9017-BE10BF369E7E}.Debug|x86.Build.0 = Debug|x86
		{9FD7AAF3-3236-474A-9017-BE10BF369E7E}.Release|Any CPU.ActiveCfg = Release|x86
		{9FD7AAF3-3236-474A-9017-BE10BF369E7E}.Release|x86.ActiveCfg = Release|x86
		{9FD7AAF3-3236-474A-9017-BE10BF369E7E}.Release|x86.Build.0 = Release|x86
		{0AF13185-9976-437D-AEBE-E4B9E5D20DC5}.Debug|Any CPU.ActiveCfg = Debug|Any CPU
		{0AF13185-9976-437D-AEBE-E4B9E5D20DC5}.Debug|Any CPU.Build.0 = Debug|Any CPU
		{0AF13185-9976-437D-AEBE-E4B9E5D20DC5}.Debug|x86.ActiveCfg = Debug|Any CPU
		{0AF13185-9976-437D-AEBE-E4B9E5D20DC5}.Debug|x86.Build.0 = Debug|Any CPU
		{0AF13185-9976-437D-AEBE-E4B9E5D20DC5}.Release|Any CPU.ActiveCfg = Release|Any CPU
		{0AF13185-9976-437D-AEBE-E4B9E5D20DC5}.Release|Any CPU.Build.0 = Release|Any CPU
		{0AF13185-9976-437D-AEBE-E4B9E5D20DC5}.Release|x86.ActiveCfg = Release|Any CPU
		{0AF13185-9976-437D-AEBE-E4B9E5D20DC5}.Release|x86.Build.0 = Release|Any CPU
		{9317DE4A-213D-4AFC-B58F-ED401204534A}.Debug|Any CPU.ActiveCfg = Debug|x86
		{9317DE4A-213D-4AFC-B58F-ED401204534A}.Debug|Any CPU.Build.0 = Debug|x86
		{9317DE4A-213D-4AFC-B58F-ED401204534A}.Debug|x86.ActiveCfg = Debug|x86
		{9317DE4A-213D-4AFC-B58F-ED401204534A}.Debug|x86.Build.0 = Debug|x86
		{9317DE4A-213D-4AFC-B58F-ED401204534A}.Release|Any CPU.ActiveCfg = Release|x86
		{9317DE4A-213D-4AFC-B58F-ED401204534A}.Release|x86.ActiveCfg = Release|x86
		{9317DE4A-213D-4AFC-B58F-ED401204534A}.Release|x86.Build.0 = Release|x86
		{221E30A5-0033-4BF5-9A5F-463DA5DA6D1B}.Debug|Any CPU.ActiveCfg = Debug
		{221E30A5-0033-4BF5-9A5F-463DA5DA6D1B}.Debug|x86.ActiveCfg = Debug
		{221E30A5-0033-4BF5-9A5F-463DA5DA6D1B}.Release|Any CPU.ActiveCfg = Release
		{221E30A5-0033-4BF5-9A5F-463DA5DA6D1B}.Release|x86.ActiveCfg = Release
		{5A910B52-6AB0-4F84-875D-FFF8893A4383}.Debug|Any CPU.ActiveCfg = Debug|Any CPU
		{5A910B52-6AB0-4F84-875D-FFF8893A4383}.Debug|Any CPU.Build.0 = Debug|Any CPU
		{5A910B52-6AB0-4F84-875D-FFF8893A4383}.Debug|x86.ActiveCfg = Debug|Any CPU
		{5A910B52-6AB0-4F84-875D-FFF8893A4383}.Debug|x86.Build.0 = Debug|Any CPU
		{5A910B52-6AB0-4F84-875D-FFF8893A4383}.Release|Any CPU.ActiveCfg = Release|Any CPU
		{5A910B52-6AB0-4F84-875D-FFF8893A4383}.Release|Any CPU.Build.0 = Release|Any CPU
		{5A910B52-6AB0-4F84-875D-FFF8893A4383}.Release|x86.ActiveCfg = Release|Any CPU
		{5A910B52-6AB0-4F84-875D-FFF8893A4383}.Release|x86.Build.0 = Release|Any CPU
		{AAD2B1BE-9B2D-455D-8DD4-64E4E84DD985}.Debug|Any CPU.ActiveCfg = Debug|x86
		{AAD2B1BE-9B2D-455D-8DD4-64E4E84DD985}.Debug|x86.ActiveCfg = Debug|x86
		{AAD2B1BE-9B2D-455D-8DD4-64E4E84DD985}.Debug|x86.Build.0 = Debug|x86
		{AAD2B1BE-9B2D-455D-8DD4-64E4E84DD985}.Release|Any CPU.ActiveCfg = Release|x86
		{AAD2B1BE-9B2D-455D-8DD4-64E4E84DD985}.Release|x86.ActiveCfg = Release|x86
		{AAD2B1BE-9B2D-455D-8DD4-64E4E84DD985}.Release|x86.Build.0 = Release|x86
	EndGlobalSection
	GlobalSection(SolutionProperties) = preSolution
		HideSolutionNode = FALSE
	EndGlobalSection
EndGlobal
