Microsoft Visual Studio Solution File, Format Version 12.00
# Visual Studio 15
VisualStudioVersion = 15.0.28010.2050
MinimumVisualStudioVersion = 10.0.40219.1
Project("{FAE04EC0-301F-11D3-BF4B-00C04F79EFBC}") = "Droid.Image.UI", "Droid.Image.UI\Droid.Image.UI.csproj", "{9FD7AAF3-3236-474A-9017-BE10BF369E7E}"
	ProjectSection(ProjectDependencies) = postProject
		{9317DE4A-213D-4AFC-B58F-ED401204534A} = {9317DE4A-213D-4AFC-B58F-ED401204534A}
		{EB246F6B-3730-478E-8B4A-020DD683A516} = {EB246F6B-3730-478E-8B4A-020DD683A516}
	EndProjectSection
EndProject
Project("{9A19103F-16F7-4668-BE54-9A1E7A4F7556}") = "Droid.Image.Comparison", "Droid.Image.Comparison\Droid.Image.Comparison.csproj", "{9317DE4A-213D-4AFC-B58F-ED401204534A}"
EndProject
Project("{FAE04EC0-301F-11D3-BF4B-00C04F79EFBC}") = "UnitTest", "UnitTestProject\UnitTest.csproj", "{22A3B438-56D5-4EE5-BE85-102B07447D3D}"
	ProjectSection(ProjectDependencies) = postProject
		{9317DE4A-213D-4AFC-B58F-ED401204534A} = {9317DE4A-213D-4AFC-B58F-ED401204534A}
		{EB246F6B-3730-478E-8B4A-020DD683A516} = {EB246F6B-3730-478E-8B4A-020DD683A516}
	EndProjectSection
EndProject
Project("{9A19103F-16F7-4668-BE54-9A1E7A4F7556}") = "Droid.Image", "Droid.Image\Droid.Image.csproj", "{EB246F6B-3730-478E-8B4A-020DD683A516}"
EndProject
Global
	GlobalSection(SolutionConfigurationPlatforms) = preSolution
		Debug|Any CPU = Debug|Any CPU
		Debug|x64 = Debug|x64
		Debug|x86 = Debug|x86
		Droid|Any CPU = Droid|Any CPU
		Droid|x64 = Droid|x64
		Droid|x86 = Droid|x86
		Release|Any CPU = Release|Any CPU
		Release|x64 = Release|x64
		Release|x86 = Release|x86
		TobiProject|Any CPU = TobiProject|Any CPU
		TobiProject|x64 = TobiProject|x64
		TobiProject|x86 = TobiProject|x86
	EndGlobalSection
	GlobalSection(ProjectConfigurationPlatforms) = postSolution
		{9FD7AAF3-3236-474A-9017-BE10BF369E7E}.Debug|Any CPU.ActiveCfg = Debug|x86
		{9FD7AAF3-3236-474A-9017-BE10BF369E7E}.Debug|Any CPU.Build.0 = Debug|x86
		{9FD7AAF3-3236-474A-9017-BE10BF369E7E}.Debug|x64.ActiveCfg = Debug|Any CPU
		{9FD7AAF3-3236-474A-9017-BE10BF369E7E}.Debug|x64.Build.0 = Debug|Any CPU
		{9FD7AAF3-3236-474A-9017-BE10BF369E7E}.Debug|x86.ActiveCfg = Debug|x86
		{9FD7AAF3-3236-474A-9017-BE10BF369E7E}.Debug|x86.Build.0 = Debug|x86
		{9FD7AAF3-3236-474A-9017-BE10BF369E7E}.Droid|Any CPU.ActiveCfg = Debug|x86
		{9FD7AAF3-3236-474A-9017-BE10BF369E7E}.Droid|Any CPU.Build.0 = Debug|Any CPU
		{9FD7AAF3-3236-474A-9017-BE10BF369E7E}.Droid|x64.ActiveCfg = Debug|Any CPU
		{9FD7AAF3-3236-474A-9017-BE10BF369E7E}.Droid|x64.Build.0 = Debug|Any CPU
		{9FD7AAF3-3236-474A-9017-BE10BF369E7E}.Droid|x86.ActiveCfg = Debug|x86
		{9FD7AAF3-3236-474A-9017-BE10BF369E7E}.Droid|x86.Build.0 = Debug|x86
		{9FD7AAF3-3236-474A-9017-BE10BF369E7E}.Release|Any CPU.ActiveCfg = Debug|x86
		{9FD7AAF3-3236-474A-9017-BE10BF369E7E}.Release|x64.ActiveCfg = Release|Any CPU
		{9FD7AAF3-3236-474A-9017-BE10BF369E7E}.Release|x64.Build.0 = Release|Any CPU
		{9FD7AAF3-3236-474A-9017-BE10BF369E7E}.Release|x86.ActiveCfg = Release|x86
		{9FD7AAF3-3236-474A-9017-BE10BF369E7E}.Release|x86.Build.0 = Release|x86
		{9FD7AAF3-3236-474A-9017-BE10BF369E7E}.TobiProject|Any CPU.ActiveCfg = Debug|x86
		{9FD7AAF3-3236-474A-9017-BE10BF369E7E}.TobiProject|Any CPU.Build.0 = TobiProject|Any CPU
		{9FD7AAF3-3236-474A-9017-BE10BF369E7E}.TobiProject|x64.ActiveCfg = TobiProject|Any CPU
		{9FD7AAF3-3236-474A-9017-BE10BF369E7E}.TobiProject|x64.Build.0 = TobiProject|Any CPU
		{9FD7AAF3-3236-474A-9017-BE10BF369E7E}.TobiProject|x86.ActiveCfg = TobiProject|x86
		{9FD7AAF3-3236-474A-9017-BE10BF369E7E}.TobiProject|x86.Build.0 = TobiProject|x86
		{9317DE4A-213D-4AFC-B58F-ED401204534A}.Debug|Any CPU.ActiveCfg = Debug|Any CPU
		{9317DE4A-213D-4AFC-B58F-ED401204534A}.Debug|Any CPU.Build.0 = Debug|Any CPU
		{9317DE4A-213D-4AFC-B58F-ED401204534A}.Debug|x64.ActiveCfg = Debug|Any CPU
		{9317DE4A-213D-4AFC-B58F-ED401204534A}.Debug|x64.Build.0 = Debug|Any CPU
		{9317DE4A-213D-4AFC-B58F-ED401204534A}.Debug|x86.ActiveCfg = Debug|Any CPU
		{9317DE4A-213D-4AFC-B58F-ED401204534A}.Debug|x86.Build.0 = Debug|Any CPU
		{9317DE4A-213D-4AFC-B58F-ED401204534A}.Droid|Any CPU.ActiveCfg = Debug|Any CPU
		{9317DE4A-213D-4AFC-B58F-ED401204534A}.Droid|Any CPU.Build.0 = Debug|Any CPU
		{9317DE4A-213D-4AFC-B58F-ED401204534A}.Droid|x64.ActiveCfg = Debug|Any CPU
		{9317DE4A-213D-4AFC-B58F-ED401204534A}.Droid|x64.Build.0 = Debug|Any CPU
		{9317DE4A-213D-4AFC-B58F-ED401204534A}.Droid|x86.ActiveCfg = Debug|Any CPU
		{9317DE4A-213D-4AFC-B58F-ED401204534A}.Droid|x86.Build.0 = Debug|Any CPU
		{9317DE4A-213D-4AFC-B58F-ED401204534A}.Release|Any CPU.ActiveCfg = Debug|Any CPU
		{9317DE4A-213D-4AFC-B58F-ED401204534A}.Release|Any CPU.Build.0 = Debug|Any CPU
		{9317DE4A-213D-4AFC-B58F-ED401204534A}.Release|x64.ActiveCfg = Release|Any CPU
		{9317DE4A-213D-4AFC-B58F-ED401204534A}.Release|x64.Build.0 = Release|Any CPU
		{9317DE4A-213D-4AFC-B58F-ED401204534A}.Release|x86.ActiveCfg = Release|Any CPU
		{9317DE4A-213D-4AFC-B58F-ED401204534A}.Release|x86.Build.0 = Release|Any CPU
		{9317DE4A-213D-4AFC-B58F-ED401204534A}.TobiProject|Any CPU.ActiveCfg = Debug|Any CPU
		{9317DE4A-213D-4AFC-B58F-ED401204534A}.TobiProject|Any CPU.Build.0 = Debug|Any CPU
		{9317DE4A-213D-4AFC-B58F-ED401204534A}.TobiProject|x64.ActiveCfg = Debug|Any CPU
		{9317DE4A-213D-4AFC-B58F-ED401204534A}.TobiProject|x64.Build.0 = Debug|Any CPU
		{9317DE4A-213D-4AFC-B58F-ED401204534A}.TobiProject|x86.ActiveCfg = Debug|Any CPU
		{9317DE4A-213D-4AFC-B58F-ED401204534A}.TobiProject|x86.Build.0 = Debug|Any CPU
		{22A3B438-56D5-4EE5-BE85-102B07447D3D}.Debug|Any CPU.ActiveCfg = Debug|Any CPU
		{22A3B438-56D5-4EE5-BE85-102B07447D3D}.Debug|Any CPU.Build.0 = Debug|Any CPU
		{22A3B438-56D5-4EE5-BE85-102B07447D3D}.Debug|x64.ActiveCfg = Debug|x64
		{22A3B438-56D5-4EE5-BE85-102B07447D3D}.Debug|x64.Build.0 = Debug|x64
		{22A3B438-56D5-4EE5-BE85-102B07447D3D}.Debug|x86.ActiveCfg = Debug|x86
		{22A3B438-56D5-4EE5-BE85-102B07447D3D}.Debug|x86.Build.0 = Debug|x86
		{22A3B438-56D5-4EE5-BE85-102B07447D3D}.Droid|Any CPU.ActiveCfg = Debug|Any CPU
		{22A3B438-56D5-4EE5-BE85-102B07447D3D}.Droid|Any CPU.Build.0 = Debug|Any CPU
		{22A3B438-56D5-4EE5-BE85-102B07447D3D}.Droid|x64.ActiveCfg = Droid|x64
		{22A3B438-56D5-4EE5-BE85-102B07447D3D}.Droid|x64.Build.0 = Droid|x64
		{22A3B438-56D5-4EE5-BE85-102B07447D3D}.Droid|x86.ActiveCfg = Droid|x86
		{22A3B438-56D5-4EE5-BE85-102B07447D3D}.Droid|x86.Build.0 = Droid|x86
		{22A3B438-56D5-4EE5-BE85-102B07447D3D}.Release|Any CPU.ActiveCfg = Debug|Any CPU
		{22A3B438-56D5-4EE5-BE85-102B07447D3D}.Release|Any CPU.Build.0 = Debug|Any CPU
		{22A3B438-56D5-4EE5-BE85-102B07447D3D}.Release|x64.ActiveCfg = Release|x64
		{22A3B438-56D5-4EE5-BE85-102B07447D3D}.Release|x64.Build.0 = Release|x64
		{22A3B438-56D5-4EE5-BE85-102B07447D3D}.Release|x86.ActiveCfg = Release|x86
		{22A3B438-56D5-4EE5-BE85-102B07447D3D}.Release|x86.Build.0 = Release|x86
		{22A3B438-56D5-4EE5-BE85-102B07447D3D}.TobiProject|Any CPU.ActiveCfg = Debug|Any CPU
		{22A3B438-56D5-4EE5-BE85-102B07447D3D}.TobiProject|Any CPU.Build.0 = Debug|Any CPU
		{22A3B438-56D5-4EE5-BE85-102B07447D3D}.TobiProject|x64.ActiveCfg = TobiProject|x64
		{22A3B438-56D5-4EE5-BE85-102B07447D3D}.TobiProject|x64.Build.0 = TobiProject|x64
		{22A3B438-56D5-4EE5-BE85-102B07447D3D}.TobiProject|x86.ActiveCfg = TobiProject|x86
		{22A3B438-56D5-4EE5-BE85-102B07447D3D}.TobiProject|x86.Build.0 = TobiProject|x86
		{EB246F6B-3730-478E-8B4A-020DD683A516}.Debug|Any CPU.ActiveCfg = Debug|Any CPU
		{EB246F6B-3730-478E-8B4A-020DD683A516}.Debug|Any CPU.Build.0 = Debug|Any CPU
		{EB246F6B-3730-478E-8B4A-020DD683A516}.Debug|x64.ActiveCfg = Debug|Any CPU
		{EB246F6B-3730-478E-8B4A-020DD683A516}.Debug|x64.Build.0 = Debug|Any CPU
		{EB246F6B-3730-478E-8B4A-020DD683A516}.Debug|x86.ActiveCfg = Debug|Any CPU
		{EB246F6B-3730-478E-8B4A-020DD683A516}.Debug|x86.Build.0 = Debug|Any CPU
		{EB246F6B-3730-478E-8B4A-020DD683A516}.Droid|Any CPU.ActiveCfg = Debug|Any CPU
		{EB246F6B-3730-478E-8B4A-020DD683A516}.Droid|Any CPU.Build.0 = Debug|Any CPU
		{EB246F6B-3730-478E-8B4A-020DD683A516}.Droid|x64.ActiveCfg = Debug|Any CPU
		{EB246F6B-3730-478E-8B4A-020DD683A516}.Droid|x64.Build.0 = Debug|Any CPU
		{EB246F6B-3730-478E-8B4A-020DD683A516}.Droid|x86.ActiveCfg = Debug|Any CPU
		{EB246F6B-3730-478E-8B4A-020DD683A516}.Droid|x86.Build.0 = Debug|Any CPU
		{EB246F6B-3730-478E-8B4A-020DD683A516}.Release|Any CPU.ActiveCfg = Debug|Any CPU
		{EB246F6B-3730-478E-8B4A-020DD683A516}.Release|Any CPU.Build.0 = Debug|Any CPU
		{EB246F6B-3730-478E-8B4A-020DD683A516}.Release|x64.ActiveCfg = Release|Any CPU
		{EB246F6B-3730-478E-8B4A-020DD683A516}.Release|x64.Build.0 = Release|Any CPU
		{EB246F6B-3730-478E-8B4A-020DD683A516}.Release|x86.ActiveCfg = Release|Any CPU
		{EB246F6B-3730-478E-8B4A-020DD683A516}.Release|x86.Build.0 = Release|Any CPU
		{EB246F6B-3730-478E-8B4A-020DD683A516}.TobiProject|Any CPU.ActiveCfg = Debug|Any CPU
		{EB246F6B-3730-478E-8B4A-020DD683A516}.TobiProject|Any CPU.Build.0 = Debug|Any CPU
		{EB246F6B-3730-478E-8B4A-020DD683A516}.TobiProject|x64.ActiveCfg = Debug|Any CPU
		{EB246F6B-3730-478E-8B4A-020DD683A516}.TobiProject|x64.Build.0 = Debug|Any CPU
		{EB246F6B-3730-478E-8B4A-020DD683A516}.TobiProject|x86.ActiveCfg = Debug|Any CPU
		{EB246F6B-3730-478E-8B4A-020DD683A516}.TobiProject|x86.Build.0 = Debug|Any CPU
	EndGlobalSection
	GlobalSection(SolutionProperties) = preSolution
		HideSolutionNode = FALSE
	EndGlobalSection
	GlobalSection(ExtensibilityGlobals) = postSolution
		SolutionGuid = {4C7AC13A-9822-484E-B3F8-8032FC0B8441}
	EndGlobalSection
EndGlobal
